
Microsoft Visual Studio Solution File, Format Version 12.00
# Visual Studio 2012
Project("{FAE04EC0-301F-11D3-BF4B-00C04F79EFBC}") = "Test", "Test\Test.csproj", "{EB6644B2-5561-4B8E-97F7-562DF3975D10}"
EndProject
Global
	GlobalSection(SolutionConfigurationPlatforms) = preSolution
		Debug|Any CPU = Debug|Any CPU
		Release|Any CPU = Release|Any CPU
	EndGlobalSection
	GlobalSection(ProjectConfigurationPlatforms) = postSolution
		{EB6644B2-5561-4B8E-97F7-562DF3975D10}.Debug|Any CPU.ActiveCfg = Debug|Any CPU
		{EB6644B2-5561-4B8E-97F7-562DF3975D10}.Debug|Any CPU.Build.0 = Debug|Any CPU
		{EB6644B2-5561-4B8E-97F7-562DF3975D10}.Release|Any CPU.ActiveCfg = Release|Any CPU
		{EB6644B2-5561-4B8E-97F7-562DF3975D10}.Release|Any CPU.Build.0 = Release|Any CPU
	EndGlobalSection
	GlobalSection(SolutionProperties) = preSolution
		HideSolutionNode = FALSE
	EndGlobalSection
EndGlobal
